
Microsoft Visual Studio Solution File, Format Version 12.00
# Visual Studio Version 16
VisualStudioVersion = 16.0.29728.190
MinimumVisualStudioVersion = 10.0.40219.1
Project("{FAE04EC0-301F-11D3-BF4B-00C04F79EFBC}") = "Discord-Bot.Core", "Discord-Bot.Core\Discord-Bot.Core.csproj", "{60A18C33-6DF2-4A8D-A8E0-E7CF90FF2105}"
EndProject
Project("{FAE04EC0-301F-11D3-BF4B-00C04F79EFBC}") = "Smarsh-Bot.Console", "Smarsh-Bot.Console\Smarsh-Bot.Console.csproj", "{CD7DF96E-E770-45C3-859A-26A3D7A52406}"
EndProject
Project("{FAE04EC0-301F-11D3-BF4B-00C04F79EFBC}") = "Sakura-Bot.Console", "Sakura-Bot.Console\Sakura-Bot.Console.csproj", "{35F39B3E-1708-4FBD-9E94-7ECE607C5B27}"
EndProject
Project("{FAE04EC0-301F-11D3-BF4B-00C04F79EFBC}") = "Bott-Steeltoes.Console", "Bott-Steeltoes.Console\Bott-Steeltoes.Console.csproj", "{37D125C1-AA29-4FFD-82A8-3E65A4204A10}"
EndProject
Global
	GlobalSection(SolutionConfigurationPlatforms) = preSolution
		Debug|Any CPU = Debug|Any CPU
		Release|Any CPU = Release|Any CPU
	EndGlobalSection
	GlobalSection(ProjectConfigurationPlatforms) = postSolution
		{60A18C33-6DF2-4A8D-A8E0-E7CF90FF2105}.Debug|Any CPU.ActiveCfg = Debug|Any CPU
		{60A18C33-6DF2-4A8D-A8E0-E7CF90FF2105}.Debug|Any CPU.Build.0 = Debug|Any CPU
		{60A18C33-6DF2-4A8D-A8E0-E7CF90FF2105}.Release|Any CPU.ActiveCfg = Release|Any CPU
		{60A18C33-6DF2-4A8D-A8E0-E7CF90FF2105}.Release|Any CPU.Build.0 = Release|Any CPU
		{CD7DF96E-E770-45C3-859A-26A3D7A52406}.Debug|Any CPU.ActiveCfg = Debug|Any CPU
		{CD7DF96E-E770-45C3-859A-26A3D7A52406}.Debug|Any CPU.Build.0 = Debug|Any CPU
		{CD7DF96E-E770-45C3-859A-26A3D7A52406}.Release|Any CPU.ActiveCfg = Release|Any CPU
		{CD7DF96E-E770-45C3-859A-26A3D7A52406}.Release|Any CPU.Build.0 = Release|Any CPU
		{35F39B3E-1708-4FBD-9E94-7ECE607C5B27}.Debug|Any CPU.ActiveCfg = Debug|Any CPU
		{35F39B3E-1708-4FBD-9E94-7ECE607C5B27}.Debug|Any CPU.Build.0 = Debug|Any CPU
		{35F39B3E-1708-4FBD-9E94-7ECE607C5B27}.Release|Any CPU.ActiveCfg = Release|Any CPU
		{35F39B3E-1708-4FBD-9E94-7ECE607C5B27}.Release|Any CPU.Build.0 = Release|Any CPU
		{37D125C1-AA29-4FFD-82A8-3E65A4204A10}.Debug|Any CPU.ActiveCfg = Debug|Any CPU
		{37D125C1-AA29-4FFD-82A8-3E65A4204A10}.Debug|Any CPU.Build.0 = Debug|Any CPU
		{37D125C1-AA29-4FFD-82A8-3E65A4204A10}.Release|Any CPU.ActiveCfg = Release|Any CPU
		{37D125C1-AA29-4FFD-82A8-3E65A4204A10}.Release|Any CPU.Build.0 = Release|Any CPU
	EndGlobalSection
	GlobalSection(SolutionProperties) = preSolution
		HideSolutionNode = FALSE
	EndGlobalSection
	GlobalSection(ExtensibilityGlobals) = postSolution
		SolutionGuid = {A926E32E-ADA0-4867-A495-AA404DB86E81}
	EndGlobalSection
EndGlobal
